
Microsoft Visual Studio Solution File, Format Version 12.00
# Visual Studio Version 16
VisualStudioVersion = 16.0.31321.278
MinimumVisualStudioVersion = 10.0.40219.1
Project("{FAE04EC0-301F-11D3-BF4B-00C04F79EFBC}") = "CarAlgorithm", "CarAlgorithm\CarAlgorithm.csproj", "{7B6834AC-C721-4DFE-8D21-28C3E3E7FB68}"
EndProject
Project("{FAE04EC0-301F-11D3-BF4B-00C04F79EFBC}") = "Entity", "Entity\Entity.csproj", "{E8557A23-510F-4189-BE48-4773D4DE9099}"
EndProject
Project("{FAE04EC0-301F-11D3-BF4B-00C04F79EFBC}") = "DataAccess", "DataAccess\DataAccess.csproj", "{C0EDA21F-9FB3-4FF6-BD4E-4DCA3A84D86A}"
EndProject
Project("{FAE04EC0-301F-11D3-BF4B-00C04F79EFBC}") = "Business", "Business\Business.csproj", "{1C0E72D5-3774-4148-960B-E73A3D51FDD7}"
EndProject
Project("{FAE04EC0-301F-11D3-BF4B-00C04F79EFBC}") = "Core", "Core\Core.csproj", "{E4EEE12D-44F4-440D-ADEC-5B3F94D6D925}"
EndProject
Global
	GlobalSection(SolutionConfigurationPlatforms) = preSolution
		Debug|Any CPU = Debug|Any CPU
		Release|Any CPU = Release|Any CPU
	EndGlobalSection
	GlobalSection(ProjectConfigurationPlatforms) = postSolution
		{7B6834AC-C721-4DFE-8D21-28C3E3E7FB68}.Debug|Any CPU.ActiveCfg = Debug|Any CPU
		{7B6834AC-C721-4DFE-8D21-28C3E3E7FB68}.Debug|Any CPU.Build.0 = Debug|Any CPU
		{7B6834AC-C721-4DFE-8D21-28C3E3E7FB68}.Release|Any CPU.ActiveCfg = Release|Any CPU
		{7B6834AC-C721-4DFE-8D21-28C3E3E7FB68}.Release|Any CPU.Build.0 = Release|Any CPU
		{E8557A23-510F-4189-BE48-4773D4DE9099}.Debug|Any CPU.ActiveCfg = Debug|Any CPU
		{E8557A23-510F-4189-BE48-4773D4DE9099}.Debug|Any CPU.Build.0 = Debug|Any CPU
		{E8557A23-510F-4189-BE48-4773D4DE9099}.Release|Any CPU.ActiveCfg = Release|Any CPU
		{E8557A23-510F-4189-BE48-4773D4DE9099}.Release|Any CPU.Build.0 = Release|Any CPU
		{C0EDA21F-9FB3-4FF6-BD4E-4DCA3A84D86A}.Debug|Any CPU.ActiveCfg = Debug|Any CPU
		{C0EDA21F-9FB3-4FF6-BD4E-4DCA3A84D86A}.Debug|Any CPU.Build.0 = Debug|Any CPU
		{C0EDA21F-9FB3-4FF6-BD4E-4DCA3A84D86A}.Release|Any CPU.ActiveCfg = Release|Any CPU
		{C0EDA21F-9FB3-4FF6-BD4E-4DCA3A84D86A}.Release|Any CPU.Build.0 = Release|Any CPU
		{1C0E72D5-3774-4148-960B-E73A3D51FDD7}.Debug|Any CPU.ActiveCfg = Debug|Any CPU
		{1C0E72D5-3774-4148-960B-E73A3D51FDD7}.Debug|Any CPU.Build.0 = Debug|Any CPU
		{1C0E72D5-3774-4148-960B-E73A3D51FDD7}.Release|Any CPU.ActiveCfg = Release|Any CPU
		{1C0E72D5-3774-4148-960B-E73A3D51FDD7}.Release|Any CPU.Build.0 = Release|Any CPU
		{E4EEE12D-44F4-440D-ADEC-5B3F94D6D925}.Debug|Any CPU.ActiveCfg = Debug|Any CPU
		{E4EEE12D-44F4-440D-ADEC-5B3F94D6D925}.Debug|Any CPU.Build.0 = Debug|Any CPU
		{E4EEE12D-44F4-440D-ADEC-5B3F94D6D925}.Release|Any CPU.ActiveCfg = Release|Any CPU
		{E4EEE12D-44F4-440D-ADEC-5B3F94D6D925}.Release|Any CPU.Build.0 = Release|Any CPU
	EndGlobalSection
	GlobalSection(SolutionProperties) = preSolution
		HideSolutionNode = FALSE
	EndGlobalSection
	GlobalSection(ExtensibilityGlobals) = postSolution
		SolutionGuid = {B8BCBEB5-7BAE-46E3-A9B1-E9DED0C1E3BE}
	EndGlobalSection
EndGlobal
